// !$*UTF8*$!
{
	archiveVersion = 1;
	classes = {
	};
	objectVersion = 56;
	objects = {

/* Begin PBXBuildFile section */
		AE38650B2AECCF7600F6AA2C /* CustomCircleView.swift in Sources */ = {isa = PBXBuildFile; fileRef = AE38650A2AECCF7600F6AA2C /* CustomCircleView.swift */; };
		AE38650D2AECD15500F6AA2C /* MotionAnimation.swift in Sources */ = {isa = PBXBuildFile; fileRef = AE38650C2AECD15500F6AA2C /* MotionAnimation.swift */; };
		AE3865102AECD6CA00F6AA2C /* SettingsView.swift in Sources */ = {isa = PBXBuildFile; fileRef = AE38650F2AECD6CA00F6AA2C /* SettingsView.swift */; };
		AE3865122AECE9D200F6AA2C /* CustomListRowView.swift in Sources */ = {isa = PBXBuildFile; fileRef = AE3865112AECE9D200F6AA2C /* CustomListRowView.swift */; };
		AE86CBDD2AEC3594007D920E /* HikeAppApp.swift in Sources */ = {isa = PBXBuildFile; fileRef = AE86CBDC2AEC3594007D920E /* HikeAppApp.swift */; };
		AE86CBDF2AEC3594007D920E /* ContentView.swift in Sources */ = {isa = PBXBuildFile; fileRef = AE86CBDE2AEC3594007D920E /* ContentView.swift */; };
		AE86CBE12AEC3595007D920E /* Assets.xcassets in Resources */ = {isa = PBXBuildFile; fileRef = AE86CBE02AEC3595007D920E /* Assets.xcassets */; };
		AE86CBE42AEC3595007D920E /* Preview Assets.xcassets in Resources */ = {isa = PBXBuildFile; fileRef = AE86CBE32AEC3595007D920E /* Preview Assets.xcassets */; };
		AE86CBEE2AEC3C38007D920E /* CardView.swift in Sources */ = {isa = PBXBuildFile; fileRef = AE86CBED2AEC3C38007D920E /* CardView.swift */; };
		AE86CBF12AEC3D78007D920E /* CustomBackgroundView.swift in Sources */ = {isa = PBXBuildFile; fileRef = AE86CBF02AEC3D78007D920E /* CustomBackgroundView.swift */; };
		AE86CBF42AEC3F77007D920E /* ColorExtension.swift in Sources */ = {isa = PBXBuildFile; fileRef = AE86CBF32AEC3F77007D920E /* ColorExtension.swift */; };
		AE86CBF62AEC4CCC007D920E /* CustomButtonView.swift in Sources */ = {isa = PBXBuildFile; fileRef = AE86CBF52AEC4CCC007D920E /* CustomButtonView.swift */; };
		AE86CBF82AEC564B007D920E /* GradientButtonStyle.swift in Sources */ = {isa = PBXBuildFile; fileRef = AE86CBF72AEC564B007D920E /* GradientButtonStyle.swift */; };
/* End PBXBuildFile section */

/* Begin PBXFileReference section */
		AE38650A2AECCF7600F6AA2C /* CustomCircleView.swift */ = {isa = PBXFileReference; lastKnownFileType = sourcecode.swift; path = CustomCircleView.swift; sourceTree = "<group>"; };
		AE38650C2AECD15500F6AA2C /* MotionAnimation.swift */ = {isa = PBXFileReference; lastKnownFileType = sourcecode.swift; path = MotionAnimation.swift; sourceTree = "<group>"; };
		AE38650F2AECD6CA00F6AA2C /* SettingsView.swift */ = {isa = PBXFileReference; lastKnownFileType = sourcecode.swift; path = SettingsView.swift; sourceTree = "<group>"; };
		AE3865112AECE9D200F6AA2C /* CustomListRowView.swift */ = {isa = PBXFileReference; lastKnownFileType = sourcecode.swift; path = CustomListRowView.swift; sourceTree = "<group>"; };
		AE86CBD92AEC3594007D920E /* HikeApp.app */ = {isa = PBXFileReference; explicitFileType = wrapper.application; includeInIndex = 0; path = HikeApp.app; sourceTree = BUILT_PRODUCTS_DIR; };
		AE86CBDC2AEC3594007D920E /* HikeAppApp.swift */ = {isa = PBXFileReference; lastKnownFileType = sourcecode.swift; path = HikeAppApp.swift; sourceTree = "<group>"; };
		AE86CBDE2AEC3594007D920E /* ContentView.swift */ = {isa = PBXFileReference; lastKnownFileType = sourcecode.swift; path = ContentView.swift; sourceTree = "<group>"; };
		AE86CBE02AEC3595007D920E /* Assets.xcassets */ = {isa = PBXFileReference; lastKnownFileType = folder.assetcatalog; path = Assets.xcassets; sourceTree = "<group>"; };
		AE86CBE32AEC3595007D920E /* Preview Assets.xcassets */ = {isa = PBXFileReference; lastKnownFileType = folder.assetcatalog; path = "Preview Assets.xcassets"; sourceTree = "<group>"; };
		AE86CBED2AEC3C38007D920E /* CardView.swift */ = {isa = PBXFileReference; lastKnownFileType = sourcecode.swift; path = CardView.swift; sourceTree = "<group>"; };
		AE86CBF02AEC3D78007D920E /* CustomBackgroundView.swift */ = {isa = PBXFileReference; lastKnownFileType = sourcecode.swift; path = CustomBackgroundView.swift; sourceTree = "<group>"; };
		AE86CBF32AEC3F77007D920E /* ColorExtension.swift */ = {isa = PBXFileReference; lastKnownFileType = sourcecode.swift; path = ColorExtension.swift; sourceTree = "<group>"; };
		AE86CBF52AEC4CCC007D920E /* CustomButtonView.swift */ = {isa = PBXFileReference; lastKnownFileType = sourcecode.swift; path = CustomButtonView.swift; sourceTree = "<group>"; };
		AE86CBF72AEC564B007D920E /* GradientButtonStyle.swift */ = {isa = PBXFileReference; lastKnownFileType = sourcecode.swift; path = GradientButtonStyle.swift; sourceTree = "<group>"; };
/* End PBXFileReference section */

/* Begin PBXFrameworksBuildPhase section */
		AE86CBD62AEC3594007D920E /* Frameworks */ = {
			isa = PBXFrameworksBuildPhase;
			buildActionMask = 2147483647;
			files = (
			);
			runOnlyForDeploymentPostprocessing = 0;
		};
/* End PBXFrameworksBuildPhase section */

/* Begin PBXGroup section */
		AE38650E2AECD6A000F6AA2C /* Screen */ = {
			isa = PBXGroup;
			children = (
				AE86CBDE2AEC3594007D920E /* ContentView.swift */,
				AE38650F2AECD6CA00F6AA2C /* SettingsView.swift */,
			);
			path = Screen;
			sourceTree = "<group>";
		};
		AE86CBD02AEC3594007D920E = {
			isa = PBXGroup;
			children = (
				AE86CBDB2AEC3594007D920E /* HikeApp */,
				AE86CBDA2AEC3594007D920E /* Products */,
			);
			sourceTree = "<group>";
		};
		AE86CBDA2AEC3594007D920E /* Products */ = {
			isa = PBXGroup;
			children = (
				AE86CBD92AEC3594007D920E /* HikeApp.app */,
			);
			name = Products;
			sourceTree = "<group>";
		};
		AE86CBDB2AEC3594007D920E /* HikeApp */ = {
			isa = PBXGroup;
			children = (
				AE38650E2AECD6A000F6AA2C /* Screen */,
				AE86CBEF2AEC3C3B007D920E /* Components */,
				AE86CBF22AEC3F33007D920E /* Utility */,
				AE86CBE22AEC3595007D920E /* Preview Content */,
			);
			path = HikeApp;
			sourceTree = "<group>";
		};
		AE86CBE22AEC3595007D920E /* Preview Content */ = {
			isa = PBXGroup;
			children = (
				AE86CBDC2AEC3594007D920E /* HikeAppApp.swift */,
				AE86CBE32AEC3595007D920E /* Preview Assets.xcassets */,
				AE86CBE02AEC3595007D920E /* Assets.xcassets */,
			);
			path = "Preview Content";
			sourceTree = "<group>";
		};
		AE86CBEF2AEC3C3B007D920E /* Components */ = {
			isa = PBXGroup;
			children = (
				AE86CBED2AEC3C38007D920E /* CardView.swift */,
				AE86CBF02AEC3D78007D920E /* CustomBackgroundView.swift */,
				AE86CBF52AEC4CCC007D920E /* CustomButtonView.swift */,
				AE38650A2AECCF7600F6AA2C /* CustomCircleView.swift */,
				AE38650C2AECD15500F6AA2C /* MotionAnimation.swift */,
				AE3865112AECE9D200F6AA2C /* CustomListRowView.swift */,
			);
			path = Components;
			sourceTree = "<group>";
		};
		AE86CBF22AEC3F33007D920E /* Utility */ = {
			isa = PBXGroup;
			children = (
				AE86CBF32AEC3F77007D920E /* ColorExtension.swift */,
				AE86CBF72AEC564B007D920E /* GradientButtonStyle.swift */,
			);
			path = Utility;
			sourceTree = "<group>";
		};
/* End PBXGroup section */

/* Begin PBXNativeTarget section */
		AE86CBD82AEC3594007D920E /* HikeApp */ = {
			isa = PBXNativeTarget;
			buildConfigurationList = AE86CBE72AEC3595007D920E /* Build configuration list for PBXNativeTarget "HikeApp" */;
			buildPhases = (
				AE86CBD52AEC3594007D920E /* Sources */,
				AE86CBD62AEC3594007D920E /* Frameworks */,
				AE86CBD72AEC3594007D920E /* Resources */,
			);
			buildRules = (
			);
			dependencies = (
			);
			name = HikeApp;
			productName = HikeApp;
			productReference = AE86CBD92AEC3594007D920E /* HikeApp.app */;
			productType = "com.apple.product-type.application";
		};
/* End PBXNativeTarget section */

/* Begin PBXProject section */
		AE86CBD12AEC3594007D920E /* Project object */ = {
			isa = PBXProject;
			attributes = {
				BuildIndependentTargetsInParallel = 1;
				LastSwiftUpdateCheck = 1500;
				LastUpgradeCheck = 1500;
				TargetAttributes = {
					AE86CBD82AEC3594007D920E = {
						CreatedOnToolsVersion = 15.0;
					};
				};
			};
			buildConfigurationList = AE86CBD42AEC3594007D920E /* Build configuration list for PBXProject "HikeApp" */;
			compatibilityVersion = "Xcode 14.0";
			developmentRegion = en;
			hasScannedForEncodings = 0;
			knownRegions = (
				en,
				Base,
			);
			mainGroup = AE86CBD02AEC3594007D920E;
			productRefGroup = AE86CBDA2AEC3594007D920E /* Products */;
			projectDirPath = "";
			projectRoot = "";
			targets = (
				AE86CBD82AEC3594007D920E /* HikeApp */,
			);
		};
/* End PBXProject section */

/* Begin PBXResourcesBuildPhase section */
		AE86CBD72AEC3594007D920E /* Resources */ = {
			isa = PBXResourcesBuildPhase;
			buildActionMask = 2147483647;
			files = (
				AE86CBE42AEC3595007D920E /* Preview Assets.xcassets in Resources */,
				AE86CBE12AEC3595007D920E /* Assets.xcassets in Resources */,
			);
			runOnlyForDeploymentPostprocessing = 0;
		};
/* End PBXResourcesBuildPhase section */

/* Begin PBXSourcesBuildPhase section */
		AE86CBD52AEC3594007D920E /* Sources */ = {
			isa = PBXSourcesBuildPhase;
			buildActionMask = 2147483647;
			files = (
				AE86CBDF2AEC3594007D920E /* ContentView.swift in Sources */,
				AE38650B2AECCF7600F6AA2C /* CustomCircleView.swift in Sources */,
				AE3865122AECE9D200F6AA2C /* CustomListRowView.swift in Sources */,
				AE86CBEE2AEC3C38007D920E /* CardView.swift in Sources */,
				AE38650D2AECD15500F6AA2C /* MotionAnimation.swift in Sources */,
				AE86CBDD2AEC3594007D920E /* HikeAppApp.swift in Sources */,
				AE3865102AECD6CA00F6AA2C /* SettingsView.swift in Sources */,
				AE86CBF62AEC4CCC007D920E /* CustomButtonView.swift in Sources */,
				AE86CBF82AEC564B007D920E /* GradientButtonStyle.swift in Sources */,
				AE86CBF12AEC3D78007D920E /* CustomBackgroundView.swift in Sources */,
				AE86CBF42AEC3F77007D920E /* ColorExtension.swift in Sources */,
			);
			runOnlyForDeploymentPostprocessing = 0;
		};
/* End PBXSourcesBuildPhase section */

/* Begin XCBuildConfiguration section */
		AE86CBE52AEC3595007D920E /* Debug */ = {
			isa = XCBuildConfiguration;
			buildSettings = {
				ALWAYS_SEARCH_USER_PATHS = NO;
				ASSETCATALOG_COMPILER_GENERATE_SWIFT_ASSET_SYMBOL_EXTENSIONS = YES;
				CLANG_ANALYZER_NONNULL = YES;
				CLANG_ANALYZER_NUMBER_OBJECT_CONVERSION = YES_AGGRESSIVE;
				CLANG_CXX_LANGUAGE_STANDARD = "gnu++20";
				CLANG_ENABLE_MODULES = YES;
				CLANG_ENABLE_OBJC_ARC = YES;
				CLANG_ENABLE_OBJC_WEAK = YES;
				CLANG_WARN_BLOCK_CAPTURE_AUTORELEASING = YES;
				CLANG_WARN_BOOL_CONVERSION = YES;
				CLANG_WARN_COMMA = YES;
				CLANG_WARN_CONSTANT_CONVERSION = YES;
				CLANG_WARN_DEPRECATED_OBJC_IMPLEMENTATIONS = YES;
				CLANG_WARN_DIRECT_OBJC_ISA_USAGE = YES_ERROR;
				CLANG_WARN_DOCUMENTATION_COMMENTS = YES;
				CLANG_WARN_EMPTY_BODY = YES;
				CLANG_WARN_ENUM_CONVERSION = YES;
				CLANG_WARN_INFINITE_RECURSION = YES;
				CLANG_WARN_INT_CONVERSION = YES;
				CLANG_WARN_NON_LITERAL_NULL_CONVERSION = YES;
				CLANG_WARN_OBJC_IMPLICIT_RETAIN_SELF = YES;
				CLANG_WARN_OBJC_LITERAL_CONVERSION = YES;
				CLANG_WARN_OBJC_ROOT_CLASS = YES_ERROR;
				CLANG_WARN_QUOTED_INCLUDE_IN_FRAMEWORK_HEADER = YES;
				CLANG_WARN_RANGE_LOOP_ANALYSIS = YES;
				CLANG_WARN_STRICT_PROTOTYPES = YES;
				CLANG_WARN_SUSPICIOUS_MOVE = YES;
				CLANG_WARN_UNGUARDED_AVAILABILITY = YES_AGGRESSIVE;
				CLANG_WARN_UNREACHABLE_CODE = YES;
				CLANG_WARN__DUPLICATE_METHOD_MATCH = YES;
				COPY_PHASE_STRIP = NO;
				DEBUG_INFORMATION_FORMAT = dwarf;
				ENABLE_STRICT_OBJC_MSGSEND = YES;
				ENABLE_TESTABILITY = YES;
				ENABLE_USER_SCRIPT_SANDBOXING = YES;
				GCC_C_LANGUAGE_STANDARD = gnu17;
				GCC_DYNAMIC_NO_PIC = NO;
				GCC_NO_COMMON_BLOCKS = YES;
				GCC_OPTIMIZATION_LEVEL = 0;
				GCC_PREPROCESSOR_DEFINITIONS = (
					"DEBUG=1",
					"$(inherited)",
				);
				GCC_WARN_64_TO_32_BIT_CONVERSION = YES;
				GCC_WARN_ABOUT_RETURN_TYPE = YES_ERROR;
				GCC_WARN_UNDECLARED_SELECTOR = YES;
				GCC_WARN_UNINITIALIZED_AUTOS = YES_AGGRESSIVE;
				GCC_WARN_UNUSED_FUNCTION = YES;
				GCC_WARN_UNUSED_VARIABLE = YES;
				IPHONEOS_DEPLOYMENT_TARGET = 17.0;
				LOCALIZATION_PREFERS_STRING_CATALOGS = YES;
				MTL_ENABLE_DEBUG_INFO = INCLUDE_SOURCE;
				MTL_FAST_MATH = YES;
				ONLY_ACTIVE_ARCH = YES;
				SDKROOT = iphoneos;
				SWIFT_ACTIVE_COMPILATION_CONDITIONS = "DEBUG $(inherited)";
				SWIFT_OPTIMIZATION_LEVEL = "-Onone";
			};
			name = Debug;
		};
		AE86CBE62AEC3595007D920E /* Release */ = {
			isa = XCBuildConfiguration;
			buildSettings = {
				ALWAYS_SEARCH_USER_PATHS = NO;
				ASSETCATALOG_COMPILER_GENERATE_SWIFT_ASSET_SYMBOL_EXTENSIONS = YES;
				CLANG_ANALYZER_NONNULL = YES;
				CLANG_ANALYZER_NUMBER_OBJECT_CONVERSION = YES_AGGRESSIVE;
				CLANG_CXX_LANGUAGE_STANDARD = "gnu++20";
				CLANG_ENABLE_MODULES = YES;
				CLANG_ENABLE_OBJC_ARC = YES;
				CLANG_ENABLE_OBJC_WEAK = YES;
				CLANG_WARN_BLOCK_CAPTURE_AUTORELEASING = YES;
				CLANG_WARN_BOOL_CONVERSION = YES;
				CLANG_WARN_COMMA = YES;
				CLANG_WARN_CONSTANT_CONVERSION = YES;
				CLANG_WARN_DEPRECATED_OBJC_IMPLEMENTATIONS = YES;
				CLANG_WARN_DIRECT_OBJC_ISA_USAGE = YES_ERROR;
				CLANG_WARN_DOCUMENTATION_COMMENTS = YES;
				CLANG_WARN_EMPTY_BODY = YES;
				CLANG_WARN_ENUM_CONVERSION = YES;
				CLANG_WARN_INFINITE_RECURSION = YES;
				CLANG_WARN_INT_CONVERSION = YES;
				CLANG_WARN_NON_LITERAL_NULL_CONVERSION = YES;
				CLANG_WARN_OBJC_IMPLICIT_RETAIN_SELF = YES;
				CLANG_WARN_OBJC_LITERAL_CONVERSION = YES;
				CLANG_WARN_OBJC_ROOT_CLASS = YES_ERROR;
				CLANG_WARN_QUOTED_INCLUDE_IN_FRAMEWORK_HEADER = YES;
				CLANG_WARN_RANGE_LOOP_ANALYSIS = YES;
				CLANG_WARN_STRICT_PROTOTYPES = YES;
				CLANG_WARN_SUSPICIOUS_MOVE = YES;
				CLANG_WARN_UNGUARDED_AVAILABILITY = YES_AGGRESSIVE;
				CLANG_WARN_UNREACHABLE_CODE = YES;
				CLANG_WARN__DUPLICATE_METHOD_MATCH = YES;
				COPY_PHASE_STRIP = NO;
				DEBUG_INFORMATION_FORMAT = "dwarf-with-dsym";
				ENABLE_NS_ASSERTIONS = NO;
				ENABLE_STRICT_OBJC_MSGSEND = YES;
				ENABLE_USER_SCRIPT_SANDBOXING = YES;
				GCC_C_LANGUAGE_STANDARD = gnu17;
				GCC_NO_COMMON_BLOCKS = YES;
				GCC_WARN_64_TO_32_BIT_CONVERSION = YES;
				GCC_WARN_ABOUT_RETURN_TYPE = YES_ERROR;
				GCC_WARN_UNDECLARED_SELECTOR = YES;
				GCC_WARN_UNINITIALIZED_AUTOS = YES_AGGRESSIVE;
				GCC_WARN_UNUSED_FUNCTION = YES;
				GCC_WARN_UNUSED_VARIABLE = YES;
				IPHONEOS_DEPLOYMENT_TARGET = 17.0;
				LOCALIZATION_PREFERS_STRING_CATALOGS = YES;
				MTL_ENABLE_DEBUG_INFO = NO;
				MTL_FAST_MATH = YES;
				SDKROOT = iphoneos;
				SWIFT_COMPILATION_MODE = wholemodule;
				VALIDATE_PRODUCT = YES;
			};
			name = Release;
		};
		AE86CBE82AEC3595007D920E /* Debug */ = {
			isa = XCBuildConfiguration;
			buildSettings = {
				ASSETCATALOG_COMPILER_ALTERNATE_APPICON_NAMES = "AppIcon-Camera AppIcon-Mushroom AppIcon-Map AppIcon-MagnifyingGlass AppIcon-Backpack AppIcon-Campfire";
				ASSETCATALOG_COMPILER_APPICON_NAME = AppIcon;
				ASSETCATALOG_COMPILER_GLOBAL_ACCENT_COLOR_NAME = AccentColor;
				ASSETCATALOG_COMPILER_INCLUDE_ALL_APPICON_ASSETS = YES;
				CODE_SIGN_STYLE = Automatic;
				CURRENT_PROJECT_VERSION = 1;
				DEVELOPMENT_ASSET_PATHS = "\"HikeApp/Preview Content\"";
				DEVELOPMENT_TEAM = J6767NCB7S;
				ENABLE_PREVIEWS = YES;
				GENERATE_INFOPLIST_FILE = YES;
				INFOPLIST_KEY_UIApplicationSceneManifest_Generation = YES;
				INFOPLIST_KEY_UIApplicationSupportsIndirectInputEvents = YES;
				INFOPLIST_KEY_UILaunchScreen_Generation = YES;
				INFOPLIST_KEY_UISupportedInterfaceOrientations_iPad = "UIInterfaceOrientationPortrait UIInterfaceOrientationPortraitUpsideDown UIInterfaceOrientationLandscapeLeft UIInterfaceOrientationLandscapeRight";
				INFOPLIST_KEY_UISupportedInterfaceOrientations_iPhone = "UIInterfaceOrientationPortrait UIInterfaceOrientationLandscapeLeft UIInterfaceOrientationLandscapeRight";
				LD_RUNPATH_SEARCH_PATHS = (
					"$(inherited)",
					"@executable_path/Frameworks",
				);
				MARKETING_VERSION = 1.0;
				PRODUCT_BUNDLE_IDENTIFIER = com.serdaraltindas.HikeApp;
				PRODUCT_NAME = "$(TARGET_NAME)";
				SWIFT_EMIT_LOC_STRINGS = YES;
				SWIFT_VERSION = 5.0;
				TARGETED_DEVICE_FAMILY = "1,2";
			};
			name = Debug;
		};
		AE86CBE92AEC3595007D920E /* Release */ = {
			isa = XCBuildConfiguration;
			buildSettings = {
				ASSETCATALOG_COMPILER_ALTERNATE_APPICON_NAMES = "AppIcon-Camera AppIcon-Mushroom AppIcon-Map AppIcon-MagnifyingGlass AppIcon-Backpack AppIcon-Campfire";
				ASSETCATALOG_COMPILER_APPICON_NAME = AppIcon;
				ASSETCATALOG_COMPILER_GLOBAL_ACCENT_COLOR_NAME = AccentColor;
				ASSETCATALOG_COMPILER_INCLUDE_ALL_APPICON_ASSETS = YES;
				CODE_SIGN_STYLE = Automatic;
				CURRENT_PROJECT_VERSION = 1;
				DEVELOPMENT_ASSET_PATHS = "\"HikeApp/Preview Content\"";
				DEVELOPMENT_TEAM = J6767NCB7S;
				ENABLE_PREVIEWS = YES;
				GENERATE_INFOPLIST_FILE = YES;
				INFOPLIST_KEY_UIApplicationSceneManifest_Generation = YES;
				INFOPLIST_KEY_UIApplicationSupportsIndirectInputEvents = YES;
				INFOPLIST_KEY_UILaunchScreen_Generation = YES;
				INFOPLIST_KEY_UISupportedInterfaceOrientations_iPad = "UIInterfaceOrientationPortrait UIInterfaceOrientationPortraitUpsideDown UIInterfaceOrientationLandscapeLeft UIInterfaceOrientationLandscapeRight";
				INFOPLIST_KEY_UISupportedInterfaceOrientations_iPhone = "UIInterfaceOrientationPortrait UIInterfaceOrientationLandscapeLeft UIInterfaceOrientationLandscapeRight";
				LD_RUNPATH_SEARCH_PATHS = (
					"$(inherited)",
					"@executable_path/Frameworks",
				);
				MARKETING_VERSION = 1.0;
				PRODUCT_BUNDLE_IDENTIFIER = com.serdaraltindas.HikeApp;
				PRODUCT_NAME = "$(TARGET_NAME)";
				SWIFT_EMIT_LOC_STRINGS = YES;
				SWIFT_VERSION = 5.0;
				TARGETED_DEVICE_FAMILY = "1,2";
			};
			name = Release;
		};
/* End XCBuildConfiguration section */

/* Begin XCConfigurationList section */
		AE86CBD42AEC3594007D920E /* Build configuration list for PBXProject "HikeApp" */ = {
			isa = XCConfigurationList;
			buildConfigurations = (
				AE86CBE52AEC3595007D920E /* Debug */,
				AE86CBE62AEC3595007D920E /* Release */,
			);
			defaultConfigurationIsVisible = 0;
			defaultConfigurationName = Release;
		};
		AE86CBE72AEC3595007D920E /* Build configuration list for PBXNativeTarget "HikeApp" */ = {
			isa = XCConfigurationList;
			buildConfigurations = (
				AE86CBE82AEC3595007D920E /* Debug */,
				AE86CBE92AEC3595007D920E /* Release */,
			);
			defaultConfigurationIsVisible = 0;
			defaultConfigurationName = Release;
		};
/* End XCConfigurationList section */
	};
	rootObject = AE86CBD12AEC3594007D920E /* Project object */;
}
